# This file is automatically @generated by Cargo.
# It is not intended for manual editing.
version = 4

[[package]]
name = "rdjvu"
version = "0.1.0"
dependencies = [
 "rdjvu-core",
 "rdjvu-document",
 "rdjvu-render",
]

[[package]]
name = "rdjvu-bzz"
version = "0.1.0"
dependencies = [
 "rdjvu-zp",
]

[[package]]
name = "rdjvu-core"
version = "0.1.0"

[[package]]
name = "rdjvu-document"
version = "0.1.0"
dependencies = [
 "rdjvu-bzz",
 "rdjvu-core",
 "rdjvu-iff",
 "rdjvu-iw44",
 "rdjvu-jb2",
]

[[package]]
name = "rdjvu-iff"
version = "0.1.0"
dependencies = [
 "rdjvu-core",
]

[[package]]
name = "rdjvu-iw44"
version = "0.1.0"
dependencies = [
 "rdjvu-core",
 "rdjvu-iff",
 "rdjvu-zp",
]

[[package]]
name = "rdjvu-jb2"
version = "0.1.0"
dependencies = [
 "rdjvu-core",
 "rdjvu-iff",
 "rdjvu-zp",
]

[[package]]
name = "rdjvu-render"
version = "0.1.0"
dependencies = [
 "rdjvu-core",
 "rdjvu-document",
]

[[package]]
name = "rdjvu-zp"
version = "0.1.0"
